<Solution>
  <Project Path="StudentManagement.BLL.Tests/StudentManagement.BLL.Tests.csproj" />
  <Project Path="StudentManagement.BLL/StudentManagement.BLL.csproj" />
  <Project Path="StudentManagement.DAL/StudentManagement.DAL.csproj" />
  <Project Path="StudentManagement.API/StudentManagement.API.csproj" />
</Solution>

